
Microsoft Visual Studio Solution File, Format Version 12.00
# Visual Studio Version 16
VisualStudioVersion = 16.0.30309.148
MinimumVisualStudioVersion = 10.0.40219.1
Project("{9A19103F-16F7-4668-BE54-9A1E7A4F7556}") = "csharp-examples", "csharp-examples\csharp-examples.csproj", "{39F84BCA-2947-4AD6-A413-6848193CD24C}"
EndProject
Project("{FAE04EC0-301F-11D3-BF4B-00C04F79EFBC}") = "NUnitTest", "NUnitTest\NUnitTest.csproj", "{F950E5E5-09CA-4AAF-8581-88C93B8C3CC7}"
EndProject
Global
	GlobalSection(SolutionConfigurationPlatforms) = preSolution
		Debug|Any CPU = Debug|Any CPU
		Release|Any CPU = Release|Any CPU
	EndGlobalSection
	GlobalSection(ProjectConfigurationPlatforms) = postSolution
		{39F84BCA-2947-4AD6-A413-6848193CD24C}.Debug|Any CPU.ActiveCfg = Debug|Any CPU
		{39F84BCA-2947-4AD6-A413-6848193CD24C}.Debug|Any CPU.Build.0 = Debug|Any CPU
		{39F84BCA-2947-4AD6-A413-6848193CD24C}.Release|Any CPU.ActiveCfg = Release|Any CPU
		{39F84BCA-2947-4AD6-A413-6848193CD24C}.Release|Any CPU.Build.0 = Release|Any CPU
		{F950E5E5-09CA-4AAF-8581-88C93B8C3CC7}.Debug|Any CPU.ActiveCfg = Debug|Any CPU
		{F950E5E5-09CA-4AAF-8581-88C93B8C3CC7}.Debug|Any CPU.Build.0 = Debug|Any CPU
		{F950E5E5-09CA-4AAF-8581-88C93B8C3CC7}.Release|Any CPU.ActiveCfg = Release|Any CPU
		{F950E5E5-09CA-4AAF-8581-88C93B8C3CC7}.Release|Any CPU.Build.0 = Release|Any CPU
	EndGlobalSection
	GlobalSection(SolutionProperties) = preSolution
		HideSolutionNode = FALSE
	EndGlobalSection
	GlobalSection(ExtensibilityGlobals) = postSolution
		SolutionGuid = {C9E0E9CF-DB0B-4722-9F3E-9889C94AD2C6}
	EndGlobalSection
EndGlobal
